
Microsoft Visual Studio Solution File, Format Version 12.00
# Visual Studio Version 16
VisualStudioVersion = 16.0.31424.327
MinimumVisualStudioVersion = 10.0.40219.1
Project("{FAE04EC0-301F-11D3-BF4B-00C04F79EFBC}") = "GameOptimizer", "GameOptimizer\GameOptimizer.csproj", "{B369BA9F-3288-471A-BBF7-9625E33722E8}"
EndProject
Project("{FAE04EC0-301F-11D3-BF4B-00C04F79EFBC}") = "Domain", "Domain\Domain.csproj", "{845CF1D7-42D6-4989-A506-6A40961BBDC9}"
EndProject
Project("{FAE04EC0-301F-11D3-BF4B-00C04F79EFBC}") = "Application", "Application\Application.csproj", "{34AE3E33-AD40-4C34-B23F-BCFAF10D4DD0}"
EndProject
Project("{FAE04EC0-301F-11D3-BF4B-00C04F79EFBC}") = "Infrastructure", "Infrastructure\Infrastructure.csproj", "{E3E7BB08-7171-42AC-AFF7-1FE911CD142E}"
EndProject
Project("{FAE04EC0-301F-11D3-BF4B-00C04F79EFBC}") = "GameOptimizer.Tests", "GameOptimizer.Tests\GameOptimizer.Tests.csproj", "{448044F6-B722-4DC5-95E7-8A01C80917ED}"
EndProject
Global
	GlobalSection(SolutionConfigurationPlatforms) = preSolution
		Debug|Any CPU = Debug|Any CPU
		Release|Any CPU = Release|Any CPU
	EndGlobalSection
	GlobalSection(ProjectConfigurationPlatforms) = postSolution
		{B369BA9F-3288-471A-BBF7-9625E33722E8}.Debug|Any CPU.ActiveCfg = Debug|Any CPU
		{B369BA9F-3288-471A-BBF7-9625E33722E8}.Debug|Any CPU.Build.0 = Debug|Any CPU
		{B369BA9F-3288-471A-BBF7-9625E33722E8}.Release|Any CPU.ActiveCfg = Release|Any CPU
		{B369BA9F-3288-471A-BBF7-9625E33722E8}.Release|Any CPU.Build.0 = Release|Any CPU
		{845CF1D7-42D6-4989-A506-6A40961BBDC9}.Debug|Any CPU.ActiveCfg = Debug|Any CPU
		{845CF1D7-42D6-4989-A506-6A40961BBDC9}.Debug|Any CPU.Build.0 = Debug|Any CPU
		{845CF1D7-42D6-4989-A506-6A40961BBDC9}.Release|Any CPU.ActiveCfg = Release|Any CPU
		{845CF1D7-42D6-4989-A506-6A40961BBDC9}.Release|Any CPU.Build.0 = Release|Any CPU
		{34AE3E33-AD40-4C34-B23F-BCFAF10D4DD0}.Debug|Any CPU.ActiveCfg = Debug|Any CPU
		{34AE3E33-AD40-4C34-B23F-BCFAF10D4DD0}.Debug|Any CPU.Build.0 = Debug|Any CPU
		{34AE3E33-AD40-4C34-B23F-BCFAF10D4DD0}.Release|Any CPU.ActiveCfg = Release|Any CPU
		{34AE3E33-AD40-4C34-B23F-BCFAF10D4DD0}.Release|Any CPU.Build.0 = Release|Any CPU
		{E3E7BB08-7171-42AC-AFF7-1FE911CD142E}.Debug|Any CPU.ActiveCfg = Debug|Any CPU
		{E3E7BB08-7171-42AC-AFF7-1FE911CD142E}.Debug|Any CPU.Build.0 = Debug|Any CPU
		{E3E7BB08-7171-42AC-AFF7-1FE911CD142E}.Release|Any CPU.ActiveCfg = Release|Any CPU
		{E3E7BB08-7171-42AC-AFF7-1FE911CD142E}.Release|Any CPU.Build.0 = Release|Any CPU
		{448044F6-B722-4DC5-95E7-8A01C80917ED}.Debug|Any CPU.ActiveCfg = Debug|Any CPU
		{448044F6-B722-4DC5-95E7-8A01C80917ED}.Debug|Any CPU.Build.0 = Debug|Any CPU
		{448044F6-B722-4DC5-95E7-8A01C80917ED}.Release|Any CPU.ActiveCfg = Release|Any CPU
		{448044F6-B722-4DC5-95E7-8A01C80917ED}.Release|Any CPU.Build.0 = Release|Any CPU
	EndGlobalSection
	GlobalSection(SolutionProperties) = preSolution
		HideSolutionNode = FALSE
	EndGlobalSection
	GlobalSection(ExtensibilityGlobals) = postSolution
		SolutionGuid = {D79F97F8-8E02-4E16-9F52-55FC925ADFF1}
	EndGlobalSection
EndGlobal
